PODS:
  - AcknowList (1.7)
  - Charts (3.2.1):
    - Charts/Core (= 3.2.1)
  - Charts/Core (3.2.1)
  - Realm (3.11.1):
    - Realm/Headers (= 3.11.1)
  - Realm/Headers (3.11.1)
  - RealmSwift (3.11.1):
    - Realm (= 3.11.1)
  - Toast-Swift (3.0.1)

DEPENDENCIES:
  - AcknowList
  - Charts
  - RealmSwift
  - Toast-Swift (~> 3)

SPEC REPOS:
  https://github.com/cocoapods/specs.git:
    - AcknowList
    - Charts
    - Realm
    - RealmSwift
    - Toast-Swift

SPEC CHECKSUMS:
  AcknowList: 286185b24c2c2df63a2bb4137f853e4384b4358b
  Charts: f122fb70b19847fa5817d018b77d6c5a2296ab25
  Realm: 037c5919b9ceb59d6beed5d3b031096856b119b3
  RealmSwift: c9580133e73ef40ed340401af2dbc9a5790dfea7
  Toast-Swift: ba0b01b095aada709d915f9beb1d38184a2721c3

PODFILE CHECKSUM: 139d359454c02aa7fbfa445631ddb332d55d0d32

COCOAPODS: 1.5.3
